// !$*UTF8*$!
{
	archiveVersion = 1;
	classes = {
	};
	objectVersion = 46;
	objects = {

/* Begin PBXBuildFile section */
		53084DB11731E749004D89AD /* SystemConfiguration.framework in Frameworks */ = {isa = PBXBuildFile; fileRef = 53084DB01731E749004D89AD /* SystemConfiguration.framework */; };
		53084DB31731EA2E004D89AD /* Security.framework in Frameworks */ = {isa = PBXBuildFile; fileRef = 53084DB21731EA2E004D89AD /* Security.framework */; };
		53084DB51731EA33004D89AD /* MessageUI.framework in Frameworks */ = {isa = PBXBuildFile; fileRef = 53084DB41731EA33004D89AD /* MessageUI.framework */; };
		53084DB81731EF83004D89AD /* RFSharingView.m in Sources */ = {isa = PBXBuildFile; fileRef = 53084DB71731EF83004D89AD /* RFSharingView.m */; };
		53084DBD1731EFD3004D89AD /* SharingViewController.m in Sources */ = {isa = PBXBuildFile; fileRef = 53084DBB1731EFD3004D89AD /* SharingViewController.m */; };
		53084DBE1731EFD3004D89AD /* SharingViewController.xib in Resources */ = {isa = PBXBuildFile; fileRef = 53084DBC1731EFD3004D89AD /* SharingViewController.xib */; };
		530D2C45172CC24D004C8713 /* Icon.png in Resources */ = {isa = PBXBuildFile; fileRef = 530D2C44172CC24C004C8713 /* Icon.png */; };
		530D2C47172CC24F004C8713 /* Icon@2x.png in Resources */ = {isa = PBXBuildFile; fileRef = 530D2C46172CC24F004C8713 /* Icon@2x.png */; };
		530D2C4A172CC679004C8713 /* Default-568h@2x.png in Resources */ = {isa = PBXBuildFile; fileRef = 530D2C49172CC679004C8713 /* Default-568h@2x.png */; };
		530D2C4C172CC681004C8713 /* Default@2x.png in Resources */ = {isa = PBXBuildFile; fileRef = 530D2C4B172CC681004C8713 /* Default@2x.png */; };
		530D2C4E172CC688004C8713 /* Default.png in Resources */ = {isa = PBXBuildFile; fileRef = 530D2C4D172CC688004C8713 /* Default.png */; };
		530D2C50172CCA33004C8713 /* Lato-Black.ttf in Resources */ = {isa = PBXBuildFile; fileRef = 530D2C4F172CCA33004C8713 /* Lato-Black.ttf */; };
		530D2C51172CCCDC004C8713 /* Lato-Black.ttf in Resources */ = {isa = PBXBuildFile; fileRef = 530D2C4F172CCA33004C8713 /* Lato-Black.ttf */; };
		530D2DF5172EDF96004C8713 /* RFFilterScrollView.m in Sources */ = {isa = PBXBuildFile; fileRef = 530D2DF4172EDF96004C8713 /* RFFilterScrollView.m */; };
		530D2DF6172EE374004C8713 /* RFFilterScrollView.m in Sources */ = {isa = PBXBuildFile; fileRef = 530D2DF4172EDF96004C8713 /* RFFilterScrollView.m */; };
		530D2E07172F0D76004C8713 /* RFAnnotationView.m in Sources */ = {isa = PBXBuildFile; fileRef = 530D2E06172F0D75004C8713 /* RFAnnotationView.m */; };
		530FC33B173D6A660063F1E5 /* lux.jpg in Resources */ = {isa = PBXBuildFile; fileRef = 530FC33A173D6A660063F1E5 /* lux.jpg */; };
		530FC35D173D79870063F1E5 /* RFVideoCollection.m in Sources */ = {isa = PBXBuildFile; fileRef = 530FC35C173D79870063F1E5 /* RFVideoCollection.m */; };
		5310EF1F1753F49600FF67DD /* lookup_table.fsh in Sources */ = {isa = PBXBuildFile; fileRef = 5310EF1E1753F49600FF67DD /* lookup_table.fsh */; };
		5310EF201753F8E700FF67DD /* lookup_table.fsh in Resources */ = {isa = PBXBuildFile; fileRef = 5310EF1E1753F49600FF67DD /* lookup_table.fsh */; };
		5310EF221754166100FF67DD /* color_burn.fsh in Sources */ = {isa = PBXBuildFile; fileRef = 5310EF211754166100FF67DD /* color_burn.fsh */; };
		5310EF2417541AD900FF67DD /* sutroEdgeBurn.png in Resources */ = {isa = PBXBuildFile; fileRef = 5310EF2317541AD900FF67DD /* sutroEdgeBurn.png */; };
		5310EF2517541AEE00FF67DD /* color_burn.fsh in Resources */ = {isa = PBXBuildFile; fileRef = 5310EF211754166100FF67DD /* color_burn.fsh */; };
		53171C391743168F00AF7641 /* facebook_button.png in Resources */ = {isa = PBXBuildFile; fileRef = 53171C381743168F00AF7641 /* facebook_button.png */; };
		53171C3E174317B000AF7641 /* mail_button.png in Resources */ = {isa = PBXBuildFile; fileRef = 53171C3B174317B000AF7641 /* mail_button.png */; };
		53171C3F174317B000AF7641 /* camera_roll_button.png in Resources */ = {isa = PBXBuildFile; fileRef = 53171C3C174317B000AF7641 /* camera_roll_button.png */; };
		53171C4117431F0400AF7641 /* Social.framework in Frameworks */ = {isa = PBXBuildFile; fileRef = 53171C4017431F0400AF7641 /* Social.framework */; settings = {ATTRIBUTES = (Weak, ); }; };
		53171C431743216900AF7641 /* Accounts.framework in Frameworks */ = {isa = PBXBuildFile; fileRef = 53171C421743216900AF7641 /* Accounts.framework */; settings = {ATTRIBUTES = (Weak, ); }; };
		532219EF174C24DA00BC34B0 /* RFFacebookSharer.m in Sources */ = {isa = PBXBuildFile; fileRef = 532219EE174C24DA00BC34B0 /* RFFacebookSharer.m */; };
		533777F41731A3AC00CC6910 /* GalleryViewController.m in Sources */ = {isa = PBXBuildFile; fileRef = 533777F21731A3AC00CC6910 /* GalleryViewController.m */; };
		533777F51731A3AC00CC6910 /* GalleryViewController.xib in Resources */ = {isa = PBXBuildFile; fileRef = 533777F31731A3AC00CC6910 /* GalleryViewController.xib */; };
		533BBF5C17440B61005E633C /* incrediGallery.png in Resources */ = {isa = PBXBuildFile; fileRef = 533BBF5A17440B61005E633C /* incrediGallery.png */; };
		533BBF5D17440B61005E633C /* incrediWand.png in Resources */ = {isa = PBXBuildFile; fileRef = 533BBF5B17440B61005E633C /* incrediWand.png */; };
		533BBF5F1744161C005E633C /* crop_simulator.fsh in Sources */ = {isa = PBXBuildFile; fileRef = 533BBF5E1744161C005E633C /* crop_simulator.fsh */; };
		533BBF60174416CB005E633C /* crop_simulator.fsh in Resources */ = {isa = PBXBuildFile; fileRef = 533BBF5E1744161C005E633C /* crop_simulator.fsh */; };
		535F70021752CF2A00E24BFC /* libFlurry.a in Frameworks */ = {isa = PBXBuildFile; fileRef = 535F70011752CF2A00E24BFC /* libFlurry.a */; };
		53702C1017485E39004FCBA5 /* RFHaloActivityView.m in Sources */ = {isa = PBXBuildFile; fileRef = 53702C0F17485E39004FCBA5 /* RFHaloActivityView.m */; };
		5373B0FA15FF8A4400D308A4 /* UIKit.framework in Frameworks */ = {isa = PBXBuildFile; fileRef = 5373B0F915FF8A4400D308A4 /* UIKit.framework */; };
		5373B0FC15FF8A4400D308A4 /* Foundation.framework in Frameworks */ = {isa = PBXBuildFile; fileRef = 5373B0FB15FF8A4400D308A4 /* Foundation.framework */; };
		5373B0FE15FF8A4400D308A4 /* CoreGraphics.framework in Frameworks */ = {isa = PBXBuildFile; fileRef = 5373B0FD15FF8A4400D308A4 /* CoreGraphics.framework */; };
		5373B10415FF8A4500D308A4 /* InfoPlist.strings in Resources */ = {isa = PBXBuildFile; fileRef = 5373B10215FF8A4500D308A4 /* InfoPlist.strings */; };
		5373B10615FF8A4500D308A4 /* main.mm in Sources */ = {isa = PBXBuildFile; fileRef = 5373B10515FF8A4500D308A4 /* main.mm */; };
		5373B10A15FF8A4500D308A4 /* AppDelegate.mm in Sources */ = {isa = PBXBuildFile; fileRef = 5373B10915FF8A4500D308A4 /* AppDelegate.mm */; };
		5373B11215FF8A4500D308A4 /* SenTestingKit.framework in Frameworks */ = {isa = PBXBuildFile; fileRef = 5373B11115FF8A4500D308A4 /* SenTestingKit.framework */; };
		5373B11315FF8A4500D308A4 /* UIKit.framework in Frameworks */ = {isa = PBXBuildFile; fileRef = 5373B0F915FF8A4400D308A4 /* UIKit.framework */; };
		5373B11415FF8A4500D308A4 /* Foundation.framework in Frameworks */ = {isa = PBXBuildFile; fileRef = 5373B0FB15FF8A4400D308A4 /* Foundation.framework */; };
		5373B15C15FFA48200D308A4 /* OpenGLES.framework in Frameworks */ = {isa = PBXBuildFile; fileRef = 5373B15B15FFA48200D308A4 /* OpenGLES.framework */; };
		5373B16015FFA84E00D308A4 /* RFGLView.mm in Sources */ = {isa = PBXBuildFile; fileRef = 5373B15F15FFA84E00D308A4 /* RFGLView.mm */; };
		5373B16415FFA97E00D308A4 /* MainViewController.mm in Sources */ = {isa = PBXBuildFile; fileRef = 5373B16315FFA97E00D308A4 /* MainViewController.mm */; };
		5373B16C15FFAC2900D308A4 /* QuartzCore.framework in Frameworks */ = {isa = PBXBuildFile; fileRef = 5373B16B15FFAC2800D308A4 /* QuartzCore.framework */; };
		5376196A172A3112004ECE27 /* lookup_amatorka.png in Resources */ = {isa = PBXBuildFile; fileRef = 53761968172A3112004ECE27 /* lookup_amatorka.png */; };
		5376196B172A3112004ECE27 /* lookup_miss_etikate.png in Resources */ = {isa = PBXBuildFile; fileRef = 53761969172A3112004ECE27 /* lookup_miss_etikate.png */; };
		5376196E172A370A004ECE27 /* lookup.fsh in Resources */ = {isa = PBXBuildFile; fileRef = 5376196C172A31BD004ECE27 /* lookup.fsh */; };
		53761981172A557A004ECE27 /* TKAlertCenter.m in Sources */ = {isa = PBXBuildFile; fileRef = 53761979172A557A004ECE27 /* TKAlertCenter.m */; };
		53761982172A557A004ECE27 /* TKEmptyView.m in Sources */ = {isa = PBXBuildFile; fileRef = 5376197A172A557A004ECE27 /* TKEmptyView.m */; };
		53761983172A557A004ECE27 /* UIView+TKCategory.m in Sources */ = {isa = PBXBuildFile; fileRef = 5376197B172A557A004ECE27 /* UIView+TKCategory.m */; };
		53761984172A557A004ECE27 /* UIImage+TKCategory.m in Sources */ = {isa = PBXBuildFile; fileRef = 5376197C172A557A004ECE27 /* UIImage+TKCategory.m */; };
		53761985172A5667004ECE27 /* TKAlertCenter.m in Sources */ = {isa = PBXBuildFile; fileRef = 53761979172A557A004ECE27 /* TKAlertCenter.m */; };
		53761986172A5667004ECE27 /* TKEmptyView.m in Sources */ = {isa = PBXBuildFile; fileRef = 5376197A172A557A004ECE27 /* TKEmptyView.m */; };
		53761987172A5667004ECE27 /* UIView+TKCategory.m in Sources */ = {isa = PBXBuildFile; fileRef = 5376197B172A557A004ECE27 /* UIView+TKCategory.m */; };
		53761988172A5667004ECE27 /* UIImage+TKCategory.m in Sources */ = {isa = PBXBuildFile; fileRef = 5376197C172A557A004ECE27 /* UIImage+TKCategory.m */; };
		5379ECBC1741B3A40026749E /* RFPlayButton.m in Sources */ = {isa = PBXBuildFile; fileRef = 5379ECBB1741B3A40026749E /* RFPlayButton.m */; };
		5379ECBE1741B64D0026749E /* MediaPlayer.framework in Frameworks */ = {isa = PBXBuildFile; fileRef = 5379ECBD1741B64C0026749E /* MediaPlayer.framework */; };
		5380BB8A172F4042007DC069 /* RFAnnotationView.m in Sources */ = {isa = PBXBuildFile; fileRef = 530D2E06172F0D75004C8713 /* RFAnnotationView.m */; };
		5380BB97172F5114007DC069 /* filter-1.png in Resources */ = {isa = PBXBuildFile; fileRef = 5380BB8C172F5114007DC069 /* filter-1.png */; };
		5380BB98172F5114007DC069 /* filter-2.png in Resources */ = {isa = PBXBuildFile; fileRef = 5380BB8D172F5114007DC069 /* filter-2.png */; };
		5380BB99172F5114007DC069 /* filter-3.png in Resources */ = {isa = PBXBuildFile; fileRef = 5380BB8E172F5114007DC069 /* filter-3.png */; };
		5380BB9A172F5114007DC069 /* filter-4.png in Resources */ = {isa = PBXBuildFile; fileRef = 5380BB8F172F5114007DC069 /* filter-4.png */; };
		5380BB9B172F5114007DC069 /* filter-5.png in Resources */ = {isa = PBXBuildFile; fileRef = 5380BB90172F5114007DC069 /* filter-5.png */; };
		5380BB9C172F5114007DC069 /* filter-6.png in Resources */ = {isa = PBXBuildFile; fileRef = 5380BB91172F5114007DC069 /* filter-6.png */; };
		5380BBA1172F5114007DC069 /* filter-0.png in Resources */ = {isa = PBXBuildFile; fileRef = 5380BB96172F5114007DC069 /* filter-0.png */; };
		5388B34E1731AA230012A96C /* RFDoneButton.m in Sources */ = {isa = PBXBuildFile; fileRef = 5388B34D1731AA230012A96C /* RFDoneButton.m */; };
		5391F07F170D3F4B00B9FB22 /* MobileCoreServices.framework in Frameworks */ = {isa = PBXBuildFile; fileRef = 5391F07E170D3F4B00B9FB22 /* MobileCoreServices.framework */; };
		5391F081170D3F5A00B9FB22 /* AssetsLibrary.framework in Frameworks */ = {isa = PBXBuildFile; fileRef = 5391F080170D3F5A00B9FB22 /* AssetsLibrary.framework */; };
		5391F084170DA2EE00B9FB22 /* RFiOS5TextureFramebuffer.mm in Sources */ = {isa = PBXBuildFile; fileRef = 5391F082170DA2EE00B9FB22 /* RFiOS5TextureFramebuffer.mm */; };
		5399262E1727345D003B008A /* copy.vsh in Resources */ = {isa = PBXBuildFile; fileRef = 5399262C172733B8003B008A /* copy.vsh */; };
		5399262F1727345D003B008A /* copy.fsh in Resources */ = {isa = PBXBuildFile; fileRef = 5399262A1727336F003B008A /* copy.fsh */; };
		53A85FDE16EF9893004095B3 /* RFShaderFactory.mm in Sources */ = {isa = PBXBuildFile; fileRef = 53A85FDC16EF9893004095B3 /* RFShaderFactory.mm */; };
		53A85FE116EFA0D2004095B3 /* RFProgramFactory.mm in Sources */ = {isa = PBXBuildFile; fileRef = 53A85FDF16EFA0D1004095B3 /* RFProgramFactory.mm */; };
		53A85FE416EFAB04004095B3 /* RFNode.mm in Sources */ = {isa = PBXBuildFile; fileRef = 53A85FE216EFAB03004095B3 /* RFNode.mm */; };
		53A85FE816F16953004095B3 /* MainViewController.xib in Resources */ = {isa = PBXBuildFile; fileRef = 53A85FE716F16953004095B3 /* MainViewController.xib */; };
		53A85FF416F244BC004095B3 /* RFVideoProcessor.m in Sources */ = {isa = PBXBuildFile; fileRef = 53A85FF316F244BC004095B3 /* RFVideoProcessor.m */; };
		53B68CA6168A18410062636D /* AVCaptureSessionManager.mm in Sources */ = {isa = PBXBuildFile; fileRef = 53B68CA5168A18410062636D /* AVCaptureSessionManager.mm */; };
		53B68CB3168A23730062636D /* CoreVideo.framework in Frameworks */ = {isa = PBXBuildFile; fileRef = 53B68CB2168A23730062636D /* CoreVideo.framework */; };
		53B68CB5168A23880062636D /* AVFoundation.framework in Frameworks */ = {isa = PBXBuildFile; fileRef = 53B68CB4168A23880062636D /* AVFoundation.framework */; };
		53B68CB7168A23950062636D /* CoreMedia.framework in Frameworks */ = {isa = PBXBuildFile; fileRef = 53B68CB6168A23950062636D /* CoreMedia.framework */; };
		53B9C3C817484E770089A1AF /* RFModalViewController.m in Sources */ = {isa = PBXBuildFile; fileRef = 53B9C3C717484E770089A1AF /* RFModalViewController.m */; };
		53C8C7D916EC071E00505767 /* RFShader.mm in Sources */ = {isa = PBXBuildFile; fileRef = 53C8C7D716EC071E00505767 /* RFShader.mm */; };
		53C8C7DB16EC077200505767 /* RFProgram.mm in Sources */ = {isa = PBXBuildFile; fileRef = 53C8C7DA16EC077200505767 /* RFProgram.mm */; };
		53C8C7DD16EC077C00505767 /* RFFramebuffer.mm in Sources */ = {isa = PBXBuildFile; fileRef = 53C8C7DC16EC077C00505767 /* RFFramebuffer.mm */; };
		53C8C7E016EC0B4500505767 /* RFViewFramebuffer.h in Resources */ = {isa = PBXBuildFile; fileRef = 53C8C7DF16EC0B4500505767 /* RFViewFramebuffer.h */; };
		53C8C7E216EC0B4900505767 /* RFViewFrameuffer.mm in Resources */ = {isa = PBXBuildFile; fileRef = 53C8C7E116EC0B4900505767 /* RFViewFrameuffer.mm */; };
		53C8C7E416EC0B4C00505767 /* RFTextureFramebuffer.h in Resources */ = {isa = PBXBuildFile; fileRef = 53C8C7E316EC0B4C00505767 /* RFTextureFramebuffer.h */; };
		53C8C7E616EC0B5000505767 /* RFTextureFramebuffer.mm in Resources */ = {isa = PBXBuildFile; fileRef = 53C8C7E516EC0B5000505767 /* RFTextureFramebuffer.mm */; };
		53C8C7EA16EC0B5800505767 /* RFTexture.mm in Resources */ = {isa = PBXBuildFile; fileRef = 53C8C7E916EC0B5800505767 /* RFTexture.mm */; };
		53C8C7F216EC0ECB00505767 /* RFRenderer.mm in Sources */ = {isa = PBXBuildFile; fileRef = 53C8C7F016EC0ECB00505767 /* RFRenderer.mm */; };
		53C8C7FF16EC1CF800505767 /* blur.fsh in Resources */ = {isa = PBXBuildFile; fileRef = 537AA9B216EBFF9F0050C635 /* blur.fsh */; };
		53C8C80016EC1CF800505767 /* preview.vsh in Resources */ = {isa = PBXBuildFile; fileRef = 537AA9B316EBFF9F0050C635 /* preview.vsh */; };
		53C8C80116EC1CF800505767 /* toon.fsh in Resources */ = {isa = PBXBuildFile; fileRef = 537AA9B416EBFF9F0050C635 /* toon.fsh */; };
		53C8C80216EC235A00505767 /* MyRenderer.mm in Sources */ = {isa = PBXBuildFile; fileRef = 53C8C7FE16EC1AA300505767 /* MyRenderer.mm */; };
		53C8C80316EC235A00505767 /* RFRenderer.mm in Sources */ = {isa = PBXBuildFile; fileRef = 53C8C7F016EC0ECB00505767 /* RFRenderer.mm */; };
		53C8C80416EC235A00505767 /* RFTexture.mm in Sources */ = {isa = PBXBuildFile; fileRef = 53C8C7E916EC0B5800505767 /* RFTexture.mm */; };
		53C8C80516EC235A00505767 /* RFFramebuffer.mm in Sources */ = {isa = PBXBuildFile; fileRef = 53C8C7DC16EC077C00505767 /* RFFramebuffer.mm */; };
		53C8C80616EC235A00505767 /* RFViewFrameuffer.mm in Sources */ = {isa = PBXBuildFile; fileRef = 53C8C7E116EC0B4900505767 /* RFViewFrameuffer.mm */; };
		53C8C80716EC235A00505767 /* RFTextureFramebuffer.mm in Sources */ = {isa = PBXBuildFile; fileRef = 53C8C7E516EC0B5000505767 /* RFTextureFramebuffer.mm */; };
		53C8C80816EC235A00505767 /* RFShader.mm in Sources */ = {isa = PBXBuildFile; fileRef = 53C8C7D716EC071E00505767 /* RFShader.mm */; };
		53C8C80916EC235A00505767 /* RFProgram.mm in Sources */ = {isa = PBXBuildFile; fileRef = 53C8C7DA16EC077200505767 /* RFProgram.mm */; };
		53E2292A174A57A4008FD70B /* delete_button.png in Resources */ = {isa = PBXBuildFile; fileRef = 53E22929174A57A4008FD70B /* delete_button.png */; };
		53E2B39E172C3367009B3C24 /* crop.fsh in Resources */ = {isa = PBXBuildFile; fileRef = 53E2B39C172C3247009B3C24 /* crop.fsh */; };
		53E2B3A1172CA31D009B3C24 /* RFFilterCollection.mm in Sources */ = {isa = PBXBuildFile; fileRef = 53E2B39F172CA31D009B3C24 /* RFFilterCollection.mm */; };
		53E6873917542A5600DB92FA /* Record-Button@2x.png in Resources */ = {isa = PBXBuildFile; fileRef = 53E6873817542A5600DB92FA /* Record-Button@2x.png */; };
		53E6873F17542CF500DB92FA /* CALayer+Utilities.m in Sources */ = {isa = PBXBuildFile; fileRef = 53E6873E17542CF500DB92FA /* CALayer+Utilities.m */; };
		53FC526B17493320004E378E /* StoreKit.framework in Frameworks */ = {isa = PBXBuildFile; fileRef = 53FC526A17493320004E378E /* StoreKit.framework */; };
		53FC5271174941F5004E378E /* RFFilterThumbnailView.m in Sources */ = {isa = PBXBuildFile; fileRef = 53FC5270174941F5004E378E /* RFFilterThumbnailView.m */; };
		53FCB7581730324B0072C527 /* RFRecordButton.m in Sources */ = {isa = PBXBuildFile; fileRef = 53FCB7571730324B0072C527 /* RFRecordButton.m */; };
		53FCB75C17306B330072C527 /* filters.plist in Resources */ = {isa = PBXBuildFile; fileRef = 53FCB75B17306B330072C527 /* filters.plist */; };
/* End PBXBuildFile section */

/* Begin PBXContainerItemProxy section */
		5373B11515FF8A4500D308A4 /* PBXContainerItemProxy */ = {
			isa = PBXContainerItemProxy;
			containerPortal = 5373B0EC15FF8A4400D308A4 /* Project object */;
			proxyType = 1;
			remoteGlobalIDString = 5373B0F415FF8A4400D308A4;
			remoteInfo = REngine;
		};
/* End PBXContainerItemProxy section */

/* Begin PBXFileReference section */
		53084DB01731E749004D89AD /* SystemConfiguration.framework */ = {isa = PBXFileReference; lastKnownFileType = wrapper.framework; name = SystemConfiguration.framework; path = System/Library/Frameworks/SystemConfiguration.framework; sourceTree = SDKROOT; };
		53084DB21731EA2E004D89AD /* Security.framework */ = {isa = PBXFileReference; lastKnownFileType = wrapper.framework; name = Security.framework; path = System/Library/Frameworks/Security.framework; sourceTree = SDKROOT; };
		53084DB41731EA33004D89AD /* MessageUI.framework */ = {isa = PBXFileReference; lastKnownFileType = wrapper.framework; name = MessageUI.framework; path = System/Library/Frameworks/MessageUI.framework; sourceTree = SDKROOT; };
		53084DB61731EF83004D89AD /* RFSharingView.h */ = {isa = PBXFileReference; fileEncoding = 4; lastKnownFileType = sourcecode.c.h; path = RFSharingView.h; sourceTree = "<group>"; };
		53084DB71731EF83004D89AD /* RFSharingView.m */ = {isa = PBXFileReference; fileEncoding = 4; lastKnownFileType = sourcecode.c.objc; path = RFSharingView.m; sourceTree = "<group>"; };
		53084DBA1731EFD3004D89AD /* SharingViewController.h */ = {isa = PBXFileReference; fileEncoding = 4; lastKnownFileType = sourcecode.c.h; path = SharingViewController.h; sourceTree = "<group>"; };
		53084DBB1731EFD3004D89AD /* SharingViewController.m */ = {isa = PBXFileReference; fileEncoding = 4; lastKnownFileType = sourcecode.c.objc; path = SharingViewController.m; sourceTree = "<group>"; };
		53084DBC1731EFD3004D89AD /* SharingViewController.xib */ = {isa = PBXFileReference; fileEncoding = 4; lastKnownFileType = file.xib; path = SharingViewController.xib; sourceTree = "<group>"; };
		530D2C44172CC24C004C8713 /* Icon.png */ = {isa = PBXFileReference; lastKnownFileType = image.png; path = Icon.png; sourceTree = "<group>"; };
		530D2C46172CC24F004C8713 /* Icon@2x.png */ = {isa = PBXFileReference; lastKnownFileType = image.png; path = "Icon@2x.png"; sourceTree = "<group>"; };
		530D2C49172CC679004C8713 /* Default-568h@2x.png */ = {isa = PBXFileReference; lastKnownFileType = image.png; path = "Default-568h@2x.png"; sourceTree = "<group>"; };
		530D2C4B172CC681004C8713 /* Default@2x.png */ = {isa = PBXFileReference; lastKnownFileType = image.png; path = "Default@2x.png"; sourceTree = "<group>"; };
		530D2C4D172CC688004C8713 /* Default.png */ = {isa = PBXFileReference; lastKnownFileType = image.png; path = Default.png; sourceTree = "<group>"; };
		530D2C4F172CCA33004C8713 /* Lato-Black.ttf */ = {isa = PBXFileReference; lastKnownFileType = file; path = "Lato-Black.ttf"; sourceTree = "<group>"; };
		530D2DF3172EDF96004C8713 /* RFFilterScrollView.h */ = {isa = PBXFileReference; fileEncoding = 4; lastKnownFileType = sourcecode.c.h; path = RFFilterScrollView.h; sourceTree = "<group>"; };
		530D2DF4172EDF96004C8713 /* RFFilterScrollView.m */ = {isa = PBXFileReference; fileEncoding = 4; lastKnownFileType = sourcecode.c.objc; path = RFFilterScrollView.m; sourceTree = "<group>"; };
		530D2E05172F0D75004C8713 /* RFAnnotationView.h */ = {isa = PBXFileReference; fileEncoding = 4; lastKnownFileType = sourcecode.c.h; path = RFAnnotationView.h; sourceTree = "<group>"; };
		530D2E06172F0D75004C8713 /* RFAnnotationView.m */ = {isa = PBXFileReference; fileEncoding = 4; lastKnownFileType = sourcecode.c.objc; path = RFAnnotationView.m; sourceTree = "<group>"; };
		530FC33A173D6A660063F1E5 /* lux.jpg */ = {isa = PBXFileReference; lastKnownFileType = image.jpeg; path = lux.jpg; sourceTree = "<group>"; };
		530FC35B173D79870063F1E5 /* RFVideoCollection.h */ = {isa = PBXFileReference; fileEncoding = 4; lastKnownFileType = sourcecode.c.h; path = RFVideoCollection.h; sourceTree = "<group>"; };
		530FC35C173D79870063F1E5 /* RFVideoCollection.m */ = {isa = PBXFileReference; fileEncoding = 4; lastKnownFileType = sourcecode.c.objc; path = RFVideoCollection.m; sourceTree = "<group>"; };
		5310EF1E1753F49600FF67DD /* lookup_table.fsh */ = {isa = PBXFileReference; fileEncoding = 4; lastKnownFileType = sourcecode.glsl; path = lookup_table.fsh; sourceTree = "<group>"; };
		5310EF211754166100FF67DD /* color_burn.fsh */ = {isa = PBXFileReference; fileEncoding = 4; lastKnownFileType = sourcecode.glsl; path = color_burn.fsh; sourceTree = "<group>"; };
		5310EF2317541AD900FF67DD /* sutroEdgeBurn.png */ = {isa = PBXFileReference; lastKnownFileType = image.png; path = sutroEdgeBurn.png; sourceTree = "<group>"; };
		53171C381743168F00AF7641 /* facebook_button.png */ = {isa = PBXFileReference; lastKnownFileType = image.png; path = facebook_button.png; sourceTree = "<group>"; };
		53171C3B174317B000AF7641 /* mail_button.png */ = {isa = PBXFileReference; lastKnownFileType = image.png; path = mail_button.png; sourceTree = "<group>"; };
		53171C3C174317B000AF7641 /* camera_roll_button.png */ = {isa = PBXFileReference; lastKnownFileType = image.png; path = camera_roll_button.png; sourceTree = "<group>"; };
		53171C4017431F0400AF7641 /* Social.framework */ = {isa = PBXFileReference; lastKnownFileType = wrapper.framework; name = Social.framework; path = System/Library/Frameworks/Social.framework; sourceTree = SDKROOT; };
		53171C421743216900AF7641 /* Accounts.framework */ = {isa = PBXFileReference; lastKnownFileType = wrapper.framework; name = Accounts.framework; path = System/Library/Frameworks/Accounts.framework; sourceTree = SDKROOT; };
		532219ED174C24DA00BC34B0 /* RFFacebookSharer.h */ = {isa = PBXFileReference; fileEncoding = 4; lastKnownFileType = sourcecode.c.h; path = RFFacebookSharer.h; sourceTree = "<group>"; };
		532219EE174C24DA00BC34B0 /* RFFacebookSharer.m */ = {isa = PBXFileReference; fileEncoding = 4; lastKnownFileType = sourcecode.c.objc; path = RFFacebookSharer.m; sourceTree = "<group>"; };
		533777F11731A3AC00CC6910 /* GalleryViewController.h */ = {isa = PBXFileReference; fileEncoding = 4; lastKnownFileType = sourcecode.c.h; path = GalleryViewController.h; sourceTree = "<group>"; };
		533777F21731A3AC00CC6910 /* GalleryViewController.m */ = {isa = PBXFileReference; fileEncoding = 4; lastKnownFileType = sourcecode.c.objc; path = GalleryViewController.m; sourceTree = "<group>"; };
		533777F31731A3AC00CC6910 /* GalleryViewController.xib */ = {isa = PBXFileReference; fileEncoding = 4; lastKnownFileType = file.xib; path = GalleryViewController.xib; sourceTree = "<group>"; };
		533BBF5A17440B61005E633C /* incrediGallery.png */ = {isa = PBXFileReference; lastKnownFileType = image.png; path = incrediGallery.png; sourceTree = "<group>"; };
		533BBF5B17440B61005E633C /* incrediWand.png */ = {isa = PBXFileReference; lastKnownFileType = image.png; path = incrediWand.png; sourceTree = "<group>"; };
		533BBF5E1744161C005E633C /* crop_simulator.fsh */ = {isa = PBXFileReference; fileEncoding = 4; lastKnownFileType = sourcecode.glsl; path = crop_simulator.fsh; sourceTree = "<group>"; xcLanguageSpecificationIdentifier = xcode.lang.glsl; };
		535F70001752CF2A00E24BFC /* Flurry.h */ = {isa = PBXFileReference; fileEncoding = 4; lastKnownFileType = sourcecode.c.h; path = Flurry.h; sourceTree = "<group>"; };
		535F70011752CF2A00E24BFC /* libFlurry.a */ = {isa = PBXFileReference; lastKnownFileType = archive.ar; path = libFlurry.a; sourceTree = "<group>"; };
		53702C0E17485E39004FCBA5 /* RFHaloActivityView.h */ = {isa = PBXFileReference; fileEncoding = 4; lastKnownFileType = sourcecode.c.h; path = RFHaloActivityView.h; sourceTree = "<group>"; };
		53702C0F17485E39004FCBA5 /* RFHaloActivityView.m */ = {isa = PBXFileReference; fileEncoding = 4; lastKnownFileType = sourcecode.c.objc; path = RFHaloActivityView.m; sourceTree = "<group>"; };
		5373B0F515FF8A4400D308A4 /* incrediVid.app */ = {isa = PBXFileReference; explicitFileType = wrapper.application; includeInIndex = 0; path = incrediVid.app; sourceTree = BUILT_PRODUCTS_DIR; };
		5373B0F915FF8A4400D308A4 /* UIKit.framework */ = {isa = PBXFileReference; lastKnownFileType = wrapper.framework; name = UIKit.framework; path = System/Library/Frameworks/UIKit.framework; sourceTree = SDKROOT; };
		5373B0FB15FF8A4400D308A4 /* Foundation.framework */ = {isa = PBXFileReference; lastKnownFileType = wrapper.framework; name = Foundation.framework; path = System/Library/Frameworks/Foundation.framework; sourceTree = SDKROOT; };
		5373B0FD15FF8A4400D308A4 /* CoreGraphics.framework */ = {isa = PBXFileReference; lastKnownFileType = wrapper.framework; name = CoreGraphics.framework; path = System/Library/Frameworks/CoreGraphics.framework; sourceTree = SDKROOT; };
		5373B10115FF8A4500D308A4 /* incrediVid-Info.plist */ = {isa = PBXFileReference; lastKnownFileType = text.plist.xml; path = "incrediVid-Info.plist"; sourceTree = "<group>"; };
		5373B10315FF8A4500D308A4 /* en */ = {isa = PBXFileReference; lastKnownFileType = text.plist.strings; name = en; path = en.lproj/InfoPlist.strings; sourceTree = "<group>"; };
		5373B10515FF8A4500D308A4 /* main.mm */ = {isa = PBXFileReference; lastKnownFileType = sourcecode.cpp.objcpp; path = main.mm; sourceTree = "<group>"; };
		5373B10715FF8A4500D308A4 /* incrediVid-Prefix.pch */ = {isa = PBXFileReference; lastKnownFileType = sourcecode.c.h; path = "incrediVid-Prefix.pch"; sourceTree = "<group>"; };
		5373B10815FF8A4500D308A4 /* AppDelegate.h */ = {isa = PBXFileReference; lastKnownFileType = sourcecode.c.h; name = AppDelegate.h; path = REngine/AppDelegate.h; sourceTree = "<group>"; };
		5373B10915FF8A4500D308A4 /* AppDelegate.mm */ = {isa = PBXFileReference; lastKnownFileType = sourcecode.cpp.objcpp; name = AppDelegate.mm; path = REngine/AppDelegate.mm; sourceTree = "<group>"; };
		5373B11015FF8A4500D308A4 /* REngineTests.octest */ = {isa = PBXFileReference; explicitFileType = wrapper.cfbundle; includeInIndex = 0; name = REngineTests.octest; path = incrediVidTests.octest; sourceTree = BUILT_PRODUCTS_DIR; };
		5373B11115FF8A4500D308A4 /* SenTestingKit.framework */ = {isa = PBXFileReference; lastKnownFileType = wrapper.framework; name = SenTestingKit.framework; path = Library/Frameworks/SenTestingKit.framework; sourceTree = DEVELOPER_DIR; };
		5373B13715FF8B6700D308A4 /* RFProgram.h */ = {isa = PBXFileReference; fileEncoding = 4; lastKnownFileType = sourcecode.c.h; name = RFProgram.h; path = REngine/RFProgram.h; sourceTree = "<group>"; };
		5373B13915FF8B6700D308A4 /* RFShader.h */ = {isa = PBXFileReference; fileEncoding = 4; lastKnownFileType = sourcecode.c.h; name = RFShader.h; path = REngine/RFShader.h; sourceTree = "<group>"; };
		5373B15215FF94DC00D308A4 /* RFFramebuffer.h */ = {isa = PBXFileReference; fileEncoding = 4; lastKnownFileType = sourcecode.c.h; name = RFFramebuffer.h; path = REngine/RFFramebuffer.h; sourceTree = "<group>"; };
		5373B15B15FFA48200D308A4 /* OpenGLES.framework */ = {isa = PBXFileReference; lastKnownFileType = wrapper.framework; name = OpenGLES.framework; path = System/Library/Frameworks/OpenGLES.framework; sourceTree = SDKROOT; };
		5373B15E15FFA84E00D308A4 /* RFGLView.h */ = {isa = PBXFileReference; fileEncoding = 4; lastKnownFileType = sourcecode.c.h; name = RFGLView.h; path = REngine/RFGLView.h; sourceTree = "<group>"; };
		5373B15F15FFA84E00D308A4 /* RFGLView.mm */ = {isa = PBXFileReference; fileEncoding = 4; lastKnownFileType = sourcecode.cpp.objcpp; name = RFGLView.mm; path = REngine/RFGLView.mm; sourceTree = "<group>"; };
		5373B16215FFA97E00D308A4 /* MainViewController.h */ = {isa = PBXFileReference; fileEncoding = 4; lastKnownFileType = sourcecode.c.h; name = MainViewController.h; path = REngine/MainViewController.h; sourceTree = "<group>"; };
		5373B16315FFA97E00D308A4 /* MainViewController.mm */ = {isa = PBXFileReference; fileEncoding = 4; lastKnownFileType = sourcecode.cpp.objcpp; name = MainViewController.mm; path = REngine/MainViewController.mm; sourceTree = "<group>"; };
		5373B16B15FFAC2800D308A4 /* QuartzCore.framework */ = {isa = PBXFileReference; lastKnownFileType = wrapper.framework; name = QuartzCore.framework; path = System/Library/Frameworks/QuartzCore.framework; sourceTree = SDKROOT; };
		53761968172A3112004ECE27 /* lookup_amatorka.png */ = {isa = PBXFileReference; lastKnownFileType = image.png; path = lookup_amatorka.png; sourceTree = "<group>"; };
		53761969172A3112004ECE27 /* lookup_miss_etikate.png */ = {isa = PBXFileReference; lastKnownFileType = image.png; path = lookup_miss_etikate.png; sourceTree = "<group>"; };
		5376196C172A31BD004ECE27 /* lookup.fsh */ = {isa = PBXFileReference; fileEncoding = 4; lastKnownFileType = sourcecode.glsl; path = lookup.fsh; sourceTree = "<group>"; xcLanguageSpecificationIdentifier = xcode.lang.glsl; };
		53761979172A557A004ECE27 /* TKAlertCenter.m */ = {isa = PBXFileReference; fileEncoding = 4; lastKnownFileType = sourcecode.c.objc; path = TKAlertCenter.m; sourceTree = "<group>"; };
		5376197A172A557A004ECE27 /* TKEmptyView.m */ = {isa = PBXFileReference; fileEncoding = 4; lastKnownFileType = sourcecode.c.objc; path = TKEmptyView.m; sourceTree = "<group>"; };
		5376197B172A557A004ECE27 /* UIView+TKCategory.m */ = {isa = PBXFileReference; fileEncoding = 4; lastKnownFileType = sourcecode.c.objc; path = "UIView+TKCategory.m"; sourceTree = "<group>"; };
		5376197C172A557A004ECE27 /* UIImage+TKCategory.m */ = {isa = PBXFileReference; fileEncoding = 4; lastKnownFileType = sourcecode.c.objc; path = "UIImage+TKCategory.m"; sourceTree = "<group>"; };
		5376197D172A557A004ECE27 /* TKEmptyView.h */ = {isa = PBXFileReference; fileEncoding = 4; lastKnownFileType = sourcecode.c.h; path = TKEmptyView.h; sourceTree = "<group>"; };
		5376197E172A557A004ECE27 /* UIView+TKCategory.h */ = {isa = PBXFileReference; fileEncoding = 4; lastKnownFileType = sourcecode.c.h; path = "UIView+TKCategory.h"; sourceTree = "<group>"; };
		5376197F172A557A004ECE27 /* UIImage+TKCategory.h */ = {isa = PBXFileReference; fileEncoding = 4; lastKnownFileType = sourcecode.c.h; path = "UIImage+TKCategory.h"; sourceTree = "<group>"; };
		53761980172A557A004ECE27 /* TKAlertCenter.h */ = {isa = PBXFileReference; fileEncoding = 4; lastKnownFileType = sourcecode.c.h; path = TKAlertCenter.h; sourceTree = "<group>"; };
		5379ECBA1741B3A40026749E /* RFPlayButton.h */ = {isa = PBXFileReference; fileEncoding = 4; lastKnownFileType = sourcecode.c.h; path = RFPlayButton.h; sourceTree = "<group>"; };
		5379ECBB1741B3A40026749E /* RFPlayButton.m */ = {isa = PBXFileReference; fileEncoding = 4; lastKnownFileType = sourcecode.c.objc; path = RFPlayButton.m; sourceTree = "<group>"; };
		5379ECBD1741B64C0026749E /* MediaPlayer.framework */ = {isa = PBXFileReference; lastKnownFileType = wrapper.framework; name = MediaPlayer.framework; path = System/Library/Frameworks/MediaPlayer.framework; sourceTree = SDKROOT; };
		537AA9B216EBFF9F0050C635 /* blur.fsh */ = {isa = PBXFileReference; fileEncoding = 4; lastKnownFileType = sourcecode.glsl; name = blur.fsh; path = REngine/blur.fsh; sourceTree = "<group>"; xcLanguageSpecificationIdentifier = xcode.lang.glsl; };
		537AA9B316EBFF9F0050C635 /* preview.vsh */ = {isa = PBXFileReference; fileEncoding = 4; lastKnownFileType = sourcecode.glsl; name = preview.vsh; path = REngine/preview.vsh; sourceTree = "<group>"; xcLanguageSpecificationIdentifier = xcode.lang.glsl; };
		537AA9B416EBFF9F0050C635 /* toon.fsh */ = {isa = PBXFileReference; fileEncoding = 4; lastKnownFileType = sourcecode.glsl; name = toon.fsh; path = REngine/toon.fsh; sourceTree = "<group>"; xcLanguageSpecificationIdentifier = xcode.lang.glsl; };
		537AA9B816EBFFAA0050C635 /* MyRenderer.h */ = {isa = PBXFileReference; fileEncoding = 4; lastKnownFileType = sourcecode.c.h; name = MyRenderer.h; path = REngine/MyRenderer.h; sourceTree = "<group>"; };
		5380BB8C172F5114007DC069 /* filter-1.png */ = {isa = PBXFileReference; lastKnownFileType = image.png; path = "filter-1.png"; sourceTree = "<group>"; };
		5380BB8D172F5114007DC069 /* filter-2.png */ = {isa = PBXFileReference; lastKnownFileType = image.png; path = "filter-2.png"; sourceTree = "<group>"; };
		5380BB8E172F5114007DC069 /* filter-3.png */ = {isa = PBXFileReference; lastKnownFileType = image.png; path = "filter-3.png"; sourceTree = "<group>"; };
		5380BB8F172F5114007DC069 /* filter-4.png */ = {isa = PBXFileReference; lastKnownFileType = image.png; path = "filter-4.png"; sourceTree = "<group>"; };
		5380BB90172F5114007DC069 /* filter-5.png */ = {isa = PBXFileReference; lastKnownFileType = image.png; path = "filter-5.png"; sourceTree = "<group>"; };
		5380BB91172F5114007DC069 /* filter-6.png */ = {isa = PBXFileReference; lastKnownFileType = image.png; path = "filter-6.png"; sourceTree = "<group>"; };
		5380BB96172F5114007DC069 /* filter-0.png */ = {isa = PBXFileReference; lastKnownFileType = image.png; path = "filter-0.png"; sourceTree = "<group>"; };
		5388B34C1731AA230012A96C /* RFDoneButton.h */ = {isa = PBXFileReference; fileEncoding = 4; lastKnownFileType = sourcecode.c.h; path = RFDoneButton.h; sourceTree = "<group>"; };
		5388B34D1731AA230012A96C /* RFDoneButton.m */ = {isa = PBXFileReference; fileEncoding = 4; lastKnownFileType = sourcecode.c.objc; path = RFDoneButton.m; sourceTree = "<group>"; };
		5391F07E170D3F4B00B9FB22 /* MobileCoreServices.framework */ = {isa = PBXFileReference; lastKnownFileType = wrapper.framework; name = MobileCoreServices.framework; path = System/Library/Frameworks/MobileCoreServices.framework; sourceTree = SDKROOT; };
		5391F080170D3F5A00B9FB22 /* AssetsLibrary.framework */ = {isa = PBXFileReference; lastKnownFileType = wrapper.framework; name = AssetsLibrary.framework; path = System/Library/Frameworks/AssetsLibrary.framework; sourceTree = SDKROOT; };
		5391F082170DA2EE00B9FB22 /* RFiOS5TextureFramebuffer.mm */ = {isa = PBXFileReference; fileEncoding = 4; lastKnownFileType = sourcecode.cpp.objcpp; path = RFiOS5TextureFramebuffer.mm; sourceTree = "<group>"; };
		5391F083170DA2EE00B9FB22 /* RFiOS5TextureFramebuffer.h */ = {isa = PBXFileReference; fileEncoding = 4; lastKnownFileType = sourcecode.c.h; path = RFiOS5TextureFramebuffer.h; sourceTree = "<group>"; };
		5399262A1727336F003B008A /* copy.fsh */ = {isa = PBXFileReference; fileEncoding = 4; lastKnownFileType = sourcecode.glsl; path = copy.fsh; sourceTree = "<group>"; xcLanguageSpecificationIdentifier = xcode.lang.glsl; };
		5399262C172733B8003B008A /* copy.vsh */ = {isa = PBXFileReference; fileEncoding = 4; lastKnownFileType = sourcecode.glsl; path = copy.vsh; sourceTree = "<group>"; xcLanguageSpecificationIdentifier = xcode.lang.glsl; };
		53A85FDC16EF9893004095B3 /* RFShaderFactory.mm */ = {isa = PBXFileReference; fileEncoding = 4; lastKnownFileType = sourcecode.cpp.objcpp; path = RFShaderFactory.mm; sourceTree = "<group>"; };
		53A85FDD16EF9893004095B3 /* RFShaderFactory.h */ = {isa = PBXFileReference; fileEncoding = 4; lastKnownFileType = sourcecode.c.h; path = RFShaderFactory.h; sourceTree = "<group>"; };
		53A85FDF16EFA0D1004095B3 /* RFProgramFactory.mm */ = {isa = PBXFileReference; fileEncoding = 4; lastKnownFileType = sourcecode.cpp.objcpp; path = RFProgramFactory.mm; sourceTree = "<group>"; };
		53A85FE016EFA0D1004095B3 /* RFProgramFactory.h */ = {isa = PBXFileReference; fileEncoding = 4; lastKnownFileType = sourcecode.c.h; path = RFProgramFactory.h; sourceTree = "<group>"; };
		53A85FE216EFAB03004095B3 /* RFNode.mm */ = {isa = PBXFileReference; fileEncoding = 4; lastKnownFileType = sourcecode.cpp.objcpp; path = RFNode.mm; sourceTree = "<group>"; };
		53A85FE316EFAB04004095B3 /* RFNode.h */ = {isa = PBXFileReference; fileEncoding = 4; lastKnownFileType = sourcecode.c.h; path = RFNode.h; sourceTree = "<group>"; };
		53A85FE616F0F984004095B3 /* RFFilter.h */ = {isa = PBXFileReference; lastKnownFileType = sourcecode.c.h; path = RFFilter.h; sourceTree = "<group>"; };
		53A85FE716F16953004095B3 /* MainViewController.xib */ = {isa = PBXFileReference; fileEncoding = 4; lastKnownFileType = file.xib; path = MainViewController.xib; sourceTree = "<group>"; };
		53A85FF216F244BC004095B3 /* RFVideoProcessor.h */ = {isa = PBXFileReference; fileEncoding = 4; lastKnownFileType = sourcecode.c.h; path = RFVideoProcessor.h; sourceTree = "<group>"; };
		53A85FF316F244BC004095B3 /* RFVideoProcessor.m */ = {isa = PBXFileReference; fileEncoding = 4; lastKnownFileType = sourcecode.c.objc; path = RFVideoProcessor.m; sourceTree = "<group>"; };
		53B68CA4168A18410062636D /* AVCaptureSessionManager.h */ = {isa = PBXFileReference; fileEncoding = 4; lastKnownFileType = sourcecode.c.h; name = AVCaptureSessionManager.h; path = REngine/AVCaptureSessionManager.h; sourceTree = "<group>"; };
		53B68CA5168A18410062636D /* AVCaptureSessionManager.mm */ = {isa = PBXFileReference; fileEncoding = 4; lastKnownFileType = sourcecode.cpp.objcpp; name = AVCaptureSessionManager.mm; path = REngine/AVCaptureSessionManager.mm; sourceTree = "<group>"; };
		53B68CB2168A23730062636D /* CoreVideo.framework */ = {isa = PBXFileReference; lastKnownFileType = wrapper.framework; name = CoreVideo.framework; path = System/Library/Frameworks/CoreVideo.framework; sourceTree = SDKROOT; };
		53B68CB4168A23880062636D /* AVFoundation.framework */ = {isa = PBXFileReference; lastKnownFileType = wrapper.framework; name = AVFoundation.framework; path = System/Library/Frameworks/AVFoundation.framework; sourceTree = SDKROOT; };
		53B68CB6168A23950062636D /* CoreMedia.framework */ = {isa = PBXFileReference; lastKnownFileType = wrapper.framework; name = CoreMedia.framework; path = System/Library/Frameworks/CoreMedia.framework; sourceTree = SDKROOT; };
		53B9C3C617484E770089A1AF /* RFModalViewController.h */ = {isa = PBXFileReference; fileEncoding = 4; lastKnownFileType = sourcecode.c.h; path = RFModalViewController.h; sourceTree = "<group>"; };
		53B9C3C717484E770089A1AF /* RFModalViewController.m */ = {isa = PBXFileReference; fileEncoding = 4; lastKnownFileType = sourcecode.c.objc; path = RFModalViewController.m; sourceTree = "<group>"; };
		53BB2AE6168E7705001D3833 /* RFTexture.h */ = {isa = PBXFileReference; fileEncoding = 4; lastKnownFileType = sourcecode.c.h; name = RFTexture.h; path = REngine/RFTexture.h; sourceTree = "<group>"; };
		53C8C7D716EC071E00505767 /* RFShader.mm */ = {isa = PBXFileReference; fileEncoding = 4; lastKnownFileType = sourcecode.cpp.objcpp; path = RFShader.mm; sourceTree = "<group>"; };
		53C8C7DA16EC077200505767 /* RFProgram.mm */ = {isa = PBXFileReference; fileEncoding = 4; lastKnownFileType = sourcecode.cpp.objcpp; path = RFProgram.mm; sourceTree = "<group>"; };
		53C8C7DC16EC077C00505767 /* RFFramebuffer.mm */ = {isa = PBXFileReference; fileEncoding = 4; lastKnownFileType = sourcecode.cpp.objcpp; path = RFFramebuffer.mm; sourceTree = "<group>"; };
		53C8C7DF16EC0B4500505767 /* RFViewFramebuffer.h */ = {isa = PBXFileReference; fileEncoding = 4; lastKnownFileType = sourcecode.c.h; path = RFViewFramebuffer.h; sourceTree = "<group>"; };
		53C8C7E116EC0B4900505767 /* RFViewFrameuffer.mm */ = {isa = PBXFileReference; fileEncoding = 4; lastKnownFileType = sourcecode.cpp.objcpp; path = RFViewFrameuffer.mm; sourceTree = "<group>"; };
		53C8C7E316EC0B4C00505767 /* RFTextureFramebuffer.h */ = {isa = PBXFileReference; fileEncoding = 4; lastKnownFileType = sourcecode.c.h; path = RFTextureFramebuffer.h; sourceTree = "<group>"; };
		53C8C7E516EC0B5000505767 /* RFTextureFramebuffer.mm */ = {isa = PBXFileReference; fileEncoding = 4; lastKnownFileType = sourcecode.cpp.objcpp; path = RFTextureFramebuffer.mm; sourceTree = "<group>"; };
		53C8C7E916EC0B5800505767 /* RFTexture.mm */ = {isa = PBXFileReference; fileEncoding = 4; lastKnownFileType = sourcecode.cpp.objcpp; path = RFTexture.mm; sourceTree = "<group>"; };
		53C8C7F016EC0ECB00505767 /* RFRenderer.mm */ = {isa = PBXFileReference; fileEncoding = 4; lastKnownFileType = sourcecode.cpp.objcpp; path = RFRenderer.mm; sourceTree = "<group>"; };
		53C8C7F116EC0ECB00505767 /* RFRenderer.h */ = {isa = PBXFileReference; fileEncoding = 4; lastKnownFileType = sourcecode.c.h; path = RFRenderer.h; sourceTree = "<group>"; };
		53C8C7FE16EC1AA300505767 /* MyRenderer.mm */ = {isa = PBXFileReference; lastKnownFileType = sourcecode.cpp.objcpp; path = MyRenderer.mm; sourceTree = "<group>"; };
		53E22929174A57A4008FD70B /* delete_button.png */ = {isa = PBXFileReference; lastKnownFileType = image.png; path = delete_button.png; sourceTree = "<group>"; };
		53E2B39C172C3247009B3C24 /* crop.fsh */ = {isa = PBXFileReference; fileEncoding = 4; lastKnownFileType = sourcecode.glsl; path = crop.fsh; sourceTree = "<group>"; };
		53E2B39F172CA31D009B3C24 /* RFFilterCollection.mm */ = {isa = PBXFileReference; fileEncoding = 4; lastKnownFileType = sourcecode.cpp.objcpp; path = RFFilterCollection.mm; sourceTree = "<group>"; };
		53E2B3A0172CA31D009B3C24 /* RFFilterCollection.h */ = {isa = PBXFileReference; fileEncoding = 4; lastKnownFileType = sourcecode.c.h; path = RFFilterCollection.h; sourceTree = "<group>"; };
		53E6873817542A5600DB92FA /* Record-Button@2x.png */ = {isa = PBXFileReference; lastKnownFileType = image.png; path = "Record-Button@2x.png"; sourceTree = "<group>"; };
		53E6873D17542CF500DB92FA /* CALayer+Utilities.h */ = {isa = PBXFileReference; fileEncoding = 4; lastKnownFileType = sourcecode.c.h; path = "CALayer+Utilities.h"; sourceTree = "<group>"; };
		53E6873E17542CF500DB92FA /* CALayer+Utilities.m */ = {isa = PBXFileReference; fileEncoding = 4; lastKnownFileType = sourcecode.c.objc; path = "CALayer+Utilities.m"; sourceTree = "<group>"; };
		53FC526A17493320004E378E /* StoreKit.framework */ = {isa = PBXFileReference; lastKnownFileType = wrapper.framework; name = StoreKit.framework; path = System/Library/Frameworks/StoreKit.framework; sourceTree = SDKROOT; };
		53FC526F174941F5004E378E /* RFFilterThumbnailView.h */ = {isa = PBXFileReference; fileEncoding = 4; lastKnownFileType = sourcecode.c.h; path = RFFilterThumbnailView.h; sourceTree = "<group>"; };
		53FC5270174941F5004E378E /* RFFilterThumbnailView.m */ = {isa = PBXFileReference; fileEncoding = 4; lastKnownFileType = sourcecode.c.objc; path = RFFilterThumbnailView.m; sourceTree = "<group>"; };
		53FCB7561730324B0072C527 /* RFRecordButton.h */ = {isa = PBXFileReference; fileEncoding = 4; lastKnownFileType = sourcecode.c.h; path = RFRecordButton.h; sourceTree = "<group>"; };
		53FCB7571730324B0072C527 /* RFRecordButton.m */ = {isa = PBXFileReference; fileEncoding = 4; lastKnownFileType = sourcecode.c.objc; path = RFRecordButton.m; sourceTree = "<group>"; };
		53FCB75B17306B330072C527 /* filters.plist */ = {isa = PBXFileReference; fileEncoding = 4; lastKnownFileType = text.plist.xml; path = filters.plist; sourceTree = "<group>"; };
/* End PBXFileReference section */

/* Begin PBXFrameworksBuildPhase section */
		5373B0F215FF8A4400D308A4 /* Frameworks */ = {
			isa = PBXFrameworksBuildPhase;
			buildActionMask = 2147483647;
			files = (
				53FC526B17493320004E378E /* StoreKit.framework in Frameworks */,
				53171C431743216900AF7641 /* Accounts.framework in Frameworks */,
				53171C4117431F0400AF7641 /* Social.framework in Frameworks */,
				5379ECBE1741B64D0026749E /* MediaPlayer.framework in Frameworks */,
				53084DB51731EA33004D89AD /* MessageUI.framework in Frameworks */,
				53084DB31731EA2E004D89AD /* Security.framework in Frameworks */,
				53084DB11731E749004D89AD /* SystemConfiguration.framework in Frameworks */,
				5391F081170D3F5A00B9FB22 /* AssetsLibrary.framework in Frameworks */,
				5391F07F170D3F4B00B9FB22 /* MobileCoreServices.framework in Frameworks */,
				53B68CB7168A23950062636D /* CoreMedia.framework in Frameworks */,
				53B68CB5168A23880062636D /* AVFoundation.framework in Frameworks */,
				53B68CB3168A23730062636D /* CoreVideo.framework in Frameworks */,
				5373B16C15FFAC2900D308A4 /* QuartzCore.framework in Frameworks */,
				5373B15C15FFA48200D308A4 /* OpenGLES.framework in Frameworks */,
				5373B0FA15FF8A4400D308A4 /* UIKit.framework in Frameworks */,
				5373B0FC15FF8A4400D308A4 /* Foundation.framework in Frameworks */,
				5373B0FE15FF8A4400D308A4 /* CoreGraphics.framework in Frameworks */,
				535F70021752CF2A00E24BFC /* libFlurry.a in Frameworks */,
			);
			runOnlyForDeploymentPostprocessing = 0;
		};
		5373B10C15FF8A4500D308A4 /* Frameworks */ = {
			isa = PBXFrameworksBuildPhase;
			buildActionMask = 2147483647;
			files = (
				5373B11215FF8A4500D308A4 /* SenTestingKit.framework in Frameworks */,
				5373B11315FF8A4500D308A4 /* UIKit.framework in Frameworks */,
				5373B11415FF8A4500D308A4 /* Foundation.framework in Frameworks */,
			);
			runOnlyForDeploymentPostprocessing = 0;
		};
/* End PBXFrameworksBuildPhase section */

/* Begin PBXGroup section */
		530D2C48172CC33B004C8713 /* Resources */ = {
			isa = PBXGroup;
			children = (
				5310EF2317541AD900FF67DD /* sutroEdgeBurn.png */,
				5310EF1D1753F45D00FF67DD /* Media */,
				53B68CA7168A20000062636D /* Shaders */,
				53761967172A30F2004ECE27 /* Lookup */,
				5380BB8B172F4F7C007DC069 /* Thumbnails */,
				530FC360173EB4F20063F1E5 /* Sharing */,
				530FC33A173D6A660063F1E5 /* lux.jpg */,
				53FCB75B17306B330072C527 /* filters.plist */,
			);
			name = Resources;
			sourceTree = "<group>";
		};
		530FC33C173D71080063F1E5 /* View */ = {
			isa = PBXGroup;
			children = (
				5373B15E15FFA84E00D308A4 /* RFGLView.h */,
				5373B15F15FFA84E00D308A4 /* RFGLView.mm */,
			);
			name = View;
			sourceTree = "<group>";
		};
		530FC35A173D79180063F1E5 /* Video Collection */ = {
			isa = PBXGroup;
			children = (
				530FC35B173D79870063F1E5 /* RFVideoCollection.h */,
				530FC35C173D79870063F1E5 /* RFVideoCollection.m */,
			);
			name = "Video Collection";
			sourceTree = "<group>";
		};
		530FC360173EB4F20063F1E5 /* Sharing */ = {
			isa = PBXGroup;
			children = (
				53E22929174A57A4008FD70B /* delete_button.png */,
				533BBF5A17440B61005E633C /* incrediGallery.png */,
				533BBF5B17440B61005E633C /* incrediWand.png */,
				53171C3B174317B000AF7641 /* mail_button.png */,
				53171C3C174317B000AF7641 /* camera_roll_button.png */,
				53171C381743168F00AF7641 /* facebook_button.png */,
			);
			name = Sharing;
			sourceTree = "<group>";
		};
		5310EF1D1753F45D00FF67DD /* Media */ = {
			isa = PBXGroup;
			children = (
				53E6873817542A5600DB92FA /* Record-Button@2x.png */,
				530D2C4F172CCA33004C8713 /* Lato-Black.ttf */,
				530D2C4D172CC688004C8713 /* Default.png */,
				530D2C4B172CC681004C8713 /* Default@2x.png */,
				530D2C49172CC679004C8713 /* Default-568h@2x.png */,
				530D2C46172CC24F004C8713 /* Icon@2x.png */,
				530D2C44172CC24C004C8713 /* Icon.png */,
			);
			name = Media;
			sourceTree = "<group>";
		};
		532219EC174C24BF00BC34B0 /* RFFacebookSharer */ = {
			isa = PBXGroup;
			children = (
				532219ED174C24DA00BC34B0 /* RFFacebookSharer.h */,
				532219EE174C24DA00BC34B0 /* RFFacebookSharer.m */,
			);
			name = RFFacebookSharer;
			sourceTree = "<group>";
		};
		533777EB1731A29400CC6910 /* Gallery View Controller */ = {
			isa = PBXGroup;
			children = (
				533777F11731A3AC00CC6910 /* GalleryViewController.h */,
				533777F21731A3AC00CC6910 /* GalleryViewController.m */,
				533777F31731A3AC00CC6910 /* GalleryViewController.xib */,
			);
			name = "Gallery View Controller";
			sourceTree = "<group>";
		};
		535F6FFF1752CF2A00E24BFC /* Flurry */ = {
			isa = PBXGroup;
			children = (
				535F70001752CF2A00E24BFC /* Flurry.h */,
				535F70011752CF2A00E24BFC /* libFlurry.a */,
			);
			path = Flurry;
			sourceTree = "<group>";
		};
		5373B0EA15FF8A4400D308A4 = {
			isa = PBXGroup;
			children = (
				530D2C48172CC33B004C8713 /* Resources */,
				53761975172A5129004ECE27 /* 3rd Party */,
				53C8C7D616EC05CC00505767 /* Engine */,
				53C8C7D316EC056F00505767 /* Classes */,
				5373B0F815FF8A4400D308A4 /* Frameworks */,
				5373B0F615FF8A4400D308A4 /* Products */,
				5373B10015FF8A4500D308A4 /* Supporting Files */,
			);
			sourceTree = "<group>";
		};
		5373B0F615FF8A4400D308A4 /* Products */ = {
			isa = PBXGroup;
			children = (
				5373B0F515FF8A4400D308A4 /* incrediVid.app */,
				5373B11015FF8A4500D308A4 /* REngineTests.octest */,
			);
			name = Products;
			sourceTree = "<group>";
		};
		5373B0F815FF8A4400D308A4 /* Frameworks */ = {
			isa = PBXGroup;
			children = (
				53FC526A17493320004E378E /* StoreKit.framework */,
				53171C421743216900AF7641 /* Accounts.framework */,
				53171C4017431F0400AF7641 /* Social.framework */,
				5379ECBD1741B64C0026749E /* MediaPlayer.framework */,
				53084DB41731EA33004D89AD /* MessageUI.framework */,
				53084DB21731EA2E004D89AD /* Security.framework */,
				53084DB01731E749004D89AD /* SystemConfiguration.framework */,
				5391F080170D3F5A00B9FB22 /* AssetsLibrary.framework */,
				5391F07E170D3F4B00B9FB22 /* MobileCoreServices.framework */,
				53B68CB6168A23950062636D /* CoreMedia.framework */,
				53B68CB4168A23880062636D /* AVFoundation.framework */,
				53B68CB2168A23730062636D /* CoreVideo.framework */,
				5373B16B15FFAC2800D308A4 /* QuartzCore.framework */,
				5373B15B15FFA48200D308A4 /* OpenGLES.framework */,
				5373B0F915FF8A4400D308A4 /* UIKit.framework */,
				5373B0FB15FF8A4400D308A4 /* Foundation.framework */,
				5373B0FD15FF8A4400D308A4 /* CoreGraphics.framework */,
				5373B11115FF8A4500D308A4 /* SenTestingKit.framework */,
			);
			name = Frameworks;
			sourceTree = "<group>";
		};
		5373B10015FF8A4500D308A4 /* Supporting Files */ = {
			isa = PBXGroup;
			children = (
				5373B10115FF8A4500D308A4 /* incrediVid-Info.plist */,
				5373B10215FF8A4500D308A4 /* InfoPlist.strings */,
				5373B10515FF8A4500D308A4 /* main.mm */,
				5373B10715FF8A4500D308A4 /* incrediVid-Prefix.pch */,
			);
			name = "Supporting Files";
			path = REngine;
			sourceTree = "<group>";
		};
		53761967172A30F2004ECE27 /* Lookup */ = {
			isa = PBXGroup;
			children = (
				53761968172A3112004ECE27 /* lookup_amatorka.png */,
				53761969172A3112004ECE27 /* lookup_miss_etikate.png */,
			);
			name = Lookup;
			sourceTree = "<group>";
		};
		53761975172A5129004ECE27 /* 3rd Party */ = {
			isa = PBXGroup;
			children = (
				535F6FFF1752CF2A00E24BFC /* Flurry */,
				5376198D172A59A7004ECE27 /* TapKu */,
			);
			name = "3rd Party";
			sourceTree = "<group>";
		};
		5376198D172A59A7004ECE27 /* TapKu */ = {
			isa = PBXGroup;
			children = (
				53761979172A557A004ECE27 /* TKAlertCenter.m */,
				5376197A172A557A004ECE27 /* TKEmptyView.m */,
				5376197B172A557A004ECE27 /* UIView+TKCategory.m */,
				5376197C172A557A004ECE27 /* UIImage+TKCategory.m */,
				5376197D172A557A004ECE27 /* TKEmptyView.h */,
				5376197E172A557A004ECE27 /* UIView+TKCategory.h */,
				5376197F172A557A004ECE27 /* UIImage+TKCategory.h */,
				53761980172A557A004ECE27 /* TKAlertCenter.h */,
			);
			name = TapKu;
			sourceTree = "<group>";
		};
		5380BB8B172F4F7C007DC069 /* Thumbnails */ = {
			isa = PBXGroup;
			children = (
				5380BB96172F5114007DC069 /* filter-0.png */,
				5380BB8C172F5114007DC069 /* filter-1.png */,
				5380BB8D172F5114007DC069 /* filter-2.png */,
				5380BB8E172F5114007DC069 /* filter-3.png */,
				5380BB8F172F5114007DC069 /* filter-4.png */,
				5380BB90172F5114007DC069 /* filter-5.png */,
				5380BB91172F5114007DC069 /* filter-6.png */,
			);
			name = Thumbnails;
			sourceTree = "<group>";
		};
		5391F07D170D1F9600B9FB22 /* Filters */ = {
			isa = PBXGroup;
			children = (
				53A85FE616F0F984004095B3 /* RFFilter.h */,
				53E2B3A0172CA31D009B3C24 /* RFFilterCollection.h */,
				53E2B39F172CA31D009B3C24 /* RFFilterCollection.mm */,
			);
			name = Filters;
			sourceTree = "<group>";
		};
		53A85FE516F0DD90004095B3 /* Scene Graph */ = {
			isa = PBXGroup;
			children = (
				53A85FE316EFAB04004095B3 /* RFNode.h */,
				53A85FE216EFAB03004095B3 /* RFNode.mm */,
			);
			name = "Scene Graph";
			sourceTree = "<group>";
		};
		53A85FF116F24490004095B3 /* Video Processor */ = {
			isa = PBXGroup;
			children = (
				53A85FF216F244BC004095B3 /* RFVideoProcessor.h */,
				53A85FF316F244BC004095B3 /* RFVideoProcessor.m */,
			);
			name = "Video Processor";
			sourceTree = "<group>";
		};
		53B68CA3168A18170062636D /* Capture Session Manager */ = {
			isa = PBXGroup;
			children = (
				53B68CA4168A18410062636D /* AVCaptureSessionManager.h */,
				53B68CA5168A18410062636D /* AVCaptureSessionManager.mm */,
			);
			name = "Capture Session Manager";
			sourceTree = "<group>";
		};
		53B68CA7168A20000062636D /* Shaders */ = {
			isa = PBXGroup;
			children = (
				537AA9B316EBFF9F0050C635 /* preview.vsh */,
				537AA9B216EBFF9F0050C635 /* blur.fsh */,
				537AA9B416EBFF9F0050C635 /* toon.fsh */,
				5399262C172733B8003B008A /* copy.vsh */,
				5399262A1727336F003B008A /* copy.fsh */,
				533BBF5E1744161C005E633C /* crop_simulator.fsh */,
				53E2B39C172C3247009B3C24 /* crop.fsh */,
				5376196C172A31BD004ECE27 /* lookup.fsh */,
				5310EF211754166100FF67DD /* color_burn.fsh */,
				5310EF1E1753F49600FF67DD /* lookup_table.fsh */,
			);
			name = Shaders;
			sourceTree = "<group>";
		};
		53B9C3C917484E7E0089A1AF /* Modal View Controllers */ = {
			isa = PBXGroup;
			children = (
				53B9C3C617484E770089A1AF /* RFModalViewController.h */,
				53B9C3C717484E770089A1AF /* RFModalViewController.m */,
				53084DBA1731EFD3004D89AD /* SharingViewController.h */,
				53084DBB1731EFD3004D89AD /* SharingViewController.m */,
				53084DBC1731EFD3004D89AD /* SharingViewController.xib */,
			);
			name = "Modal View Controllers";
			sourceTree = "<group>";
		};
		53C8C7D316EC056F00505767 /* Classes */ = {
			isa = PBXGroup;
			children = (
				53C8C7F316EC0FC500505767 /* My Renderer */,
				532219EC174C24BF00BC34B0 /* RFFacebookSharer */,
				53FC5265174932A1004E378E /* View Controllers */,
				53FC526417493285004E378E /* Capture Session */,
				530FC35A173D79180063F1E5 /* Video Collection */,
				53C8C7EB16EC0E4500505767 /* Views */,
				53C8C7D416EC057700505767 /* Application */,
			);
			name = Classes;
			sourceTree = "<group>";
		};
		53C8C7D416EC057700505767 /* Application */ = {
			isa = PBXGroup;
			children = (
				5373B10815FF8A4500D308A4 /* AppDelegate.h */,
				5373B10915FF8A4500D308A4 /* AppDelegate.mm */,
			);
			name = Application;
			sourceTree = "<group>";
		};
		53C8C7D516EC058E00505767 /* Main View Controller */ = {
			isa = PBXGroup;
			children = (
				5373B16215FFA97E00D308A4 /* MainViewController.h */,
				5373B16315FFA97E00D308A4 /* MainViewController.mm */,
				53A85FE716F16953004095B3 /* MainViewController.xib */,
			);
			name = "Main View Controller";
			sourceTree = "<group>";
		};
		53C8C7D616EC05CC00505767 /* Engine */ = {
			isa = PBXGroup;
			children = (
				530FC33C173D71080063F1E5 /* View */,
				5391F07D170D1F9600B9FB22 /* Filters */,
				53A85FE516F0DD90004095B3 /* Scene Graph */,
				53C8C7EF16EC0E8200505767 /* Renderer */,
				53C8C7EE16EC0E7300505767 /* Texture */,
				53C8C7ED16EC0E5C00505767 /* Framebuffers */,
				53C8C7EC16EC0E4D00505767 /* Shader+Program */,
			);
			name = Engine;
			sourceTree = "<group>";
		};
		53C8C7EB16EC0E4500505767 /* Views */ = {
			isa = PBXGroup;
			children = (
				530D2E05172F0D75004C8713 /* RFAnnotationView.h */,
				530D2E06172F0D75004C8713 /* RFAnnotationView.m */,
				530D2DF3172EDF96004C8713 /* RFFilterScrollView.h */,
				530D2DF4172EDF96004C8713 /* RFFilterScrollView.m */,
				53FC526F174941F5004E378E /* RFFilterThumbnailView.h */,
				53FC5270174941F5004E378E /* RFFilterThumbnailView.m */,
				5388B34C1731AA230012A96C /* RFDoneButton.h */,
				5388B34D1731AA230012A96C /* RFDoneButton.m */,
				53084DB61731EF83004D89AD /* RFSharingView.h */,
				53084DB71731EF83004D89AD /* RFSharingView.m */,
				5379ECBA1741B3A40026749E /* RFPlayButton.h */,
				5379ECBB1741B3A40026749E /* RFPlayButton.m */,
				53FCB7561730324B0072C527 /* RFRecordButton.h */,
				53FCB7571730324B0072C527 /* RFRecordButton.m */,
				53E6873D17542CF500DB92FA /* CALayer+Utilities.h */,
				53E6873E17542CF500DB92FA /* CALayer+Utilities.m */,
				53702C0E17485E39004FCBA5 /* RFHaloActivityView.h */,
				53702C0F17485E39004FCBA5 /* RFHaloActivityView.m */,
			);
			name = Views;
			sourceTree = "<group>";
		};
		53C8C7EC16EC0E4D00505767 /* Shader+Program */ = {
			isa = PBXGroup;
			children = (
				53A85FDD16EF9893004095B3 /* RFShaderFactory.h */,
				53A85FDC16EF9893004095B3 /* RFShaderFactory.mm */,
				53A85FE016EFA0D1004095B3 /* RFProgramFactory.h */,
				53A85FDF16EFA0D1004095B3 /* RFProgramFactory.mm */,
				5373B13915FF8B6700D308A4 /* RFShader.h */,
				53C8C7D716EC071E00505767 /* RFShader.mm */,
				5373B13715FF8B6700D308A4 /* RFProgram.h */,
				53C8C7DA16EC077200505767 /* RFProgram.mm */,
			);
			name = "Shader+Program";
			sourceTree = "<group>";
		};
		53C8C7ED16EC0E5C00505767 /* Framebuffers */ = {
			isa = PBXGroup;
			children = (
				5373B15215FF94DC00D308A4 /* RFFramebuffer.h */,
				53C8C7DC16EC077C00505767 /* RFFramebuffer.mm */,
				53C8C7DF16EC0B4500505767 /* RFViewFramebuffer.h */,
				53C8C7E116EC0B4900505767 /* RFViewFrameuffer.mm */,
				53C8C7E316EC0B4C00505767 /* RFTextureFramebuffer.h */,
				53C8C7E516EC0B5000505767 /* RFTextureFramebuffer.mm */,
				5391F083170DA2EE00B9FB22 /* RFiOS5TextureFramebuffer.h */,
				5391F082170DA2EE00B9FB22 /* RFiOS5TextureFramebuffer.mm */,
			);
			name = Framebuffers;
			sourceTree = "<group>";
		};
		53C8C7EE16EC0E7300505767 /* Texture */ = {
			isa = PBXGroup;
			children = (
				53BB2AE6168E7705001D3833 /* RFTexture.h */,
				53C8C7E916EC0B5800505767 /* RFTexture.mm */,
			);
			name = Texture;
			sourceTree = "<group>";
		};
		53C8C7EF16EC0E8200505767 /* Renderer */ = {
			isa = PBXGroup;
			children = (
				53C8C7F116EC0ECB00505767 /* RFRenderer.h */,
				53C8C7F016EC0ECB00505767 /* RFRenderer.mm */,
			);
			name = Renderer;
			sourceTree = "<group>";
		};
		53C8C7F316EC0FC500505767 /* My Renderer */ = {
			isa = PBXGroup;
			children = (
				537AA9B816EBFFAA0050C635 /* MyRenderer.h */,
				53C8C7FE16EC1AA300505767 /* MyRenderer.mm */,
			);
			name = "My Renderer";
			sourceTree = "<group>";
		};
		53FC526417493285004E378E /* Capture Session */ = {
			isa = PBXGroup;
			children = (
				53B68CA3168A18170062636D /* Capture Session Manager */,
				53A85FF116F24490004095B3 /* Video Processor */,
			);
			name = "Capture Session";
			sourceTree = "<group>";
		};
		53FC5265174932A1004E378E /* View Controllers */ = {
			isa = PBXGroup;
			children = (
				53B9C3C917484E7E0089A1AF /* Modal View Controllers */,
				53C8C7D516EC058E00505767 /* Main View Controller */,
				533777EB1731A29400CC6910 /* Gallery View Controller */,
			);
			name = "View Controllers";
			sourceTree = "<group>";
		};
/* End PBXGroup section */

/* Begin PBXNativeTarget section */
		5373B0F415FF8A4400D308A4 /* incrediVid */ = {
			isa = PBXNativeTarget;
			buildConfigurationList = 5373B12215FF8A4500D308A4 /* Build configuration list for PBXNativeTarget "incrediVid" */;
			buildPhases = (
				5373B0F115FF8A4400D308A4 /* Sources */,
				5373B0F215FF8A4400D308A4 /* Frameworks */,
				5373B0F315FF8A4400D308A4 /* Resources */,
			);
			buildRules = (
			);
			dependencies = (
			);
			name = incrediVid;
			productName = REngine;
			productReference = 5373B0F515FF8A4400D308A4 /* incrediVid.app */;
			productType = "com.apple.product-type.application";
		};
		5373B10F15FF8A4500D308A4 /* incrediVidTests */ = {
			isa = PBXNativeTarget;
			buildConfigurationList = 5373B12515FF8A4500D308A4 /* Build configuration list for PBXNativeTarget "incrediVidTests" */;
			buildPhases = (
				5373B10B15FF8A4500D308A4 /* Sources */,
				5373B10C15FF8A4500D308A4 /* Frameworks */,
				5373B10D15FF8A4500D308A4 /* Resources */,
				5373B10E15FF8A4500D308A4 /* ShellScript */,
			);
			buildRules = (
			);
			dependencies = (
				5373B11615FF8A4500D308A4 /* PBXTargetDependency */,
			);
			name = incrediVidTests;
			productName = REngineTests;
			productReference = 5373B11015FF8A4500D308A4 /* REngineTests.octest */;
			productType = "com.apple.product-type.bundle";
		};
/* End PBXNativeTarget section */

/* Begin PBXProject section */
		5373B0EC15FF8A4400D308A4 /* Project object */ = {
			isa = PBXProject;
			attributes = {
				LastUpgradeCheck = 0460;
			};
			buildConfigurationList = 5373B0EF15FF8A4400D308A4 /* Build configuration list for PBXProject "incrediVid" */;
			compatibilityVersion = "Xcode 3.2";
			developmentRegion = English;
			hasScannedForEncodings = 0;
			knownRegions = (
				en,
				de,
			);
			mainGroup = 5373B0EA15FF8A4400D308A4;
			productRefGroup = 5373B0F615FF8A4400D308A4 /* Products */;
			projectDirPath = "";
			projectRoot = "";
			targets = (
				5373B0F415FF8A4400D308A4 /* incrediVid */,
				5373B10F15FF8A4500D308A4 /* incrediVidTests */,
			);
		};
/* End PBXProject section */

/* Begin PBXResourcesBuildPhase section */
		5373B0F315FF8A4400D308A4 /* Resources */ = {
			isa = PBXResourcesBuildPhase;
			buildActionMask = 2147483647;
			files = (
				5310EF2517541AEE00FF67DD /* color_burn.fsh in Resources */,
				5310EF201753F8E700FF67DD /* lookup_table.fsh in Resources */,
				533BBF60174416CB005E633C /* crop_simulator.fsh in Resources */,
				530D2C51172CCCDC004C8713 /* Lato-Black.ttf in Resources */,
				53E2B39E172C3367009B3C24 /* crop.fsh in Resources */,
				5376196E172A370A004ECE27 /* lookup.fsh in Resources */,
				5399262E1727345D003B008A /* copy.vsh in Resources */,
				5399262F1727345D003B008A /* copy.fsh in Resources */,
				53C8C7FF16EC1CF800505767 /* blur.fsh in Resources */,
				53C8C80016EC1CF800505767 /* preview.vsh in Resources */,
				53C8C80116EC1CF800505767 /* toon.fsh in Resources */,
				5373B10415FF8A4500D308A4 /* InfoPlist.strings in Resources */,
				53A85FE816F16953004095B3 /* MainViewController.xib in Resources */,
				5376196A172A3112004ECE27 /* lookup_amatorka.png in Resources */,
				5376196B172A3112004ECE27 /* lookup_miss_etikate.png in Resources */,
				530D2C45172CC24D004C8713 /* Icon.png in Resources */,
				530D2C47172CC24F004C8713 /* Icon@2x.png in Resources */,
				530D2C4A172CC679004C8713 /* Default-568h@2x.png in Resources */,
				530D2C4C172CC681004C8713 /* Default@2x.png in Resources */,
				530D2C4E172CC688004C8713 /* Default.png in Resources */,
				5380BB97172F5114007DC069 /* filter-1.png in Resources */,
				5380BB98172F5114007DC069 /* filter-2.png in Resources */,
				5380BB99172F5114007DC069 /* filter-3.png in Resources */,
				5380BB9A172F5114007DC069 /* filter-4.png in Resources */,
				5380BB9B172F5114007DC069 /* filter-5.png in Resources */,
				5380BB9C172F5114007DC069 /* filter-6.png in Resources */,
				5380BBA1172F5114007DC069 /* filter-0.png in Resources */,
				53FCB75C17306B330072C527 /* filters.plist in Resources */,
				533777F51731A3AC00CC6910 /* GalleryViewController.xib in Resources */,
				53084DBE1731EFD3004D89AD /* SharingViewController.xib in Resources */,
				530FC33B173D6A660063F1E5 /* lux.jpg in Resources */,
				53171C391743168F00AF7641 /* facebook_button.png in Resources */,
				53171C3E174317B000AF7641 /* mail_button.png in Resources */,
				53171C3F174317B000AF7641 /* camera_roll_button.png in Resources */,
				533BBF5C17440B61005E633C /* incrediGallery.png in Resources */,
				533BBF5D17440B61005E633C /* incrediWand.png in Resources */,
				53E2292A174A57A4008FD70B /* delete_button.png in Resources */,
				5310EF2417541AD900FF67DD /* sutroEdgeBurn.png in Resources */,
				53E6873917542A5600DB92FA /* Record-Button@2x.png in Resources */,
			);
			runOnlyForDeploymentPostprocessing = 0;
		};
		5373B10D15FF8A4500D308A4 /* Resources */ = {
			isa = PBXResourcesBuildPhase;
			buildActionMask = 2147483647;
			files = (
				53C8C7E016EC0B4500505767 /* RFViewFramebuffer.h in Resources */,
				53C8C7E216EC0B4900505767 /* RFViewFrameuffer.mm in Resources */,
				53C8C7E416EC0B4C00505767 /* RFTextureFramebuffer.h in Resources */,
				53C8C7E616EC0B5000505767 /* RFTextureFramebuffer.mm in Resources */,
				53C8C7EA16EC0B5800505767 /* RFTexture.mm in Resources */,
				530D2C50172CCA33004C8713 /* Lato-Black.ttf in Resources */,
			);
			runOnlyForDeploymentPostprocessing = 0;
		};
/* End PBXResourcesBuildPhase section */

/* Begin PBXShellScriptBuildPhase section */
		5373B10E15FF8A4500D308A4 /* ShellScript */ = {
			isa = PBXShellScriptBuildPhase;
			buildActionMask = 2147483647;
			files = (
			);
			inputPaths = (
			);
			outputPaths = (
			);
			runOnlyForDeploymentPostprocessing = 0;
			shellPath = /bin/sh;
			shellScript = "# Run the unit tests in this test bundle.\n\"${SYSTEM_DEVELOPER_DIR}/Tools/RunUnitTests\"\n";
		};
/* End PBXShellScriptBuildPhase section */

/* Begin PBXSourcesBuildPhase section */
		5373B0F115FF8A4400D308A4 /* Sources */ = {
			isa = PBXSourcesBuildPhase;
			buildActionMask = 2147483647;
			files = (
				5380BB8A172F4042007DC069 /* RFAnnotationView.m in Sources */,
				530D2DF6172EE374004C8713 /* RFFilterScrollView.m in Sources */,
				53761985172A5667004ECE27 /* TKAlertCenter.m in Sources */,
				53761986172A5667004ECE27 /* TKEmptyView.m in Sources */,
				53761987172A5667004ECE27 /* UIView+TKCategory.m in Sources */,
				53761988172A5667004ECE27 /* UIImage+TKCategory.m in Sources */,
				53C8C80216EC235A00505767 /* MyRenderer.mm in Sources */,
				53C8C80316EC235A00505767 /* RFRenderer.mm in Sources */,
				53C8C80416EC235A00505767 /* RFTexture.mm in Sources */,
				53C8C80516EC235A00505767 /* RFFramebuffer.mm in Sources */,
				53C8C80616EC235A00505767 /* RFViewFrameuffer.mm in Sources */,
				53C8C80716EC235A00505767 /* RFTextureFramebuffer.mm in Sources */,
				53C8C80816EC235A00505767 /* RFShader.mm in Sources */,
				53C8C80916EC235A00505767 /* RFProgram.mm in Sources */,
				5373B10615FF8A4500D308A4 /* main.mm in Sources */,
				5373B10A15FF8A4500D308A4 /* AppDelegate.mm in Sources */,
				5373B16015FFA84E00D308A4 /* RFGLView.mm in Sources */,
				5373B16415FFA97E00D308A4 /* MainViewController.mm in Sources */,
				53B68CA6168A18410062636D /* AVCaptureSessionManager.mm in Sources */,
				53A85FDE16EF9893004095B3 /* RFShaderFactory.mm in Sources */,
				53A85FE116EFA0D2004095B3 /* RFProgramFactory.mm in Sources */,
				53A85FE416EFAB04004095B3 /* RFNode.mm in Sources */,
				53A85FF416F244BC004095B3 /* RFVideoProcessor.m in Sources */,
				5391F084170DA2EE00B9FB22 /* RFiOS5TextureFramebuffer.mm in Sources */,
				53E2B3A1172CA31D009B3C24 /* RFFilterCollection.mm in Sources */,
				53FCB7581730324B0072C527 /* RFRecordButton.m in Sources */,
				533777F41731A3AC00CC6910 /* GalleryViewController.m in Sources */,
				5388B34E1731AA230012A96C /* RFDoneButton.m in Sources */,
				53084DB81731EF83004D89AD /* RFSharingView.m in Sources */,
				53084DBD1731EFD3004D89AD /* SharingViewController.m in Sources */,
				530FC35D173D79870063F1E5 /* RFVideoCollection.m in Sources */,
				5379ECBC1741B3A40026749E /* RFPlayButton.m in Sources */,
				533BBF5F1744161C005E633C /* crop_simulator.fsh in Sources */,
				53B9C3C817484E770089A1AF /* RFModalViewController.m in Sources */,
				53702C1017485E39004FCBA5 /* RFHaloActivityView.m in Sources */,
				53FC5271174941F5004E378E /* RFFilterThumbnailView.m in Sources */,
				532219EF174C24DA00BC34B0 /* RFFacebookSharer.m in Sources */,
				5310EF1F1753F49600FF67DD /* lookup_table.fsh in Sources */,
				5310EF221754166100FF67DD /* color_burn.fsh in Sources */,
				53E6873F17542CF500DB92FA /* CALayer+Utilities.m in Sources */,
			);
			runOnlyForDeploymentPostprocessing = 0;
		};
		5373B10B15FF8A4500D308A4 /* Sources */ = {
			isa = PBXSourcesBuildPhase;
			buildActionMask = 2147483647;
			files = (
				53C8C7D916EC071E00505767 /* RFShader.mm in Sources */,
				53C8C7DB16EC077200505767 /* RFProgram.mm in Sources */,
				53C8C7DD16EC077C00505767 /* RFFramebuffer.mm in Sources */,
				53C8C7F216EC0ECB00505767 /* RFRenderer.mm in Sources */,
				53761981172A557A004ECE27 /* TKAlertCenter.m in Sources */,
				53761982172A557A004ECE27 /* TKEmptyView.m in Sources */,
				53761983172A557A004ECE27 /* UIView+TKCategory.m in Sources */,
				53761984172A557A004ECE27 /* UIImage+TKCategory.m in Sources */,
				530D2DF5172EDF96004C8713 /* RFFilterScrollView.m in Sources */,
				530D2E07172F0D76004C8713 /* RFAnnotationView.m in Sources */,
			);
			runOnlyForDeploymentPostprocessing = 0;
		};
/* End PBXSourcesBuildPhase section */

/* Begin PBXTargetDependency section */
		5373B11615FF8A4500D308A4 /* PBXTargetDependency */ = {
			isa = PBXTargetDependency;
			target = 5373B0F415FF8A4400D308A4 /* incrediVid */;
			targetProxy = 5373B11515FF8A4500D308A4 /* PBXContainerItemProxy */;
		};
/* End PBXTargetDependency section */

/* Begin PBXVariantGroup section */
		5373B10215FF8A4500D308A4 /* InfoPlist.strings */ = {
			isa = PBXVariantGroup;
			children = (
				5373B10315FF8A4500D308A4 /* en */,
			);
			name = InfoPlist.strings;
			sourceTree = "<group>";
		};
/* End PBXVariantGroup section */

/* Begin XCBuildConfiguration section */
		5373B12015FF8A4500D308A4 /* Debug */ = {
			isa = XCBuildConfiguration;
			buildSettings = {
				ALWAYS_SEARCH_USER_PATHS = NO;
				ARCHS = "$(ARCHS_STANDARD_32_BIT)";
				CLANG_CXX_LANGUAGE_STANDARD = "c++0x";
				CLANG_CXX_LIBRARY = "libc++";
				CLANG_WARN_CONSTANT_CONVERSION = YES;
				CLANG_WARN_ENUM_CONVERSION = YES;
				CLANG_WARN_INT_CONVERSION = YES;
				CLANG_WARN__DUPLICATE_METHOD_MATCH = YES;
				CODE_SIGN_IDENTITY = "iPhone Developer";
				"CODE_SIGN_IDENTITY[sdk=iphoneos*]" = "iPhone Developer";
				COPY_PHASE_STRIP = NO;
				GCC_C_LANGUAGE_STANDARD = gnu99;
				GCC_DYNAMIC_NO_PIC = NO;
				GCC_OPTIMIZATION_LEVEL = 0;
				GCC_PREPROCESSOR_DEFINITIONS = (
					"DEBUG=1",
					"$(inherited)",
				);
				GCC_SYMBOLS_PRIVATE_EXTERN = NO;
				GCC_VERSION = com.apple.compilers.llvm.clang.1_0;
				GCC_WARN_ABOUT_MISSING_PROTOTYPES = YES;
				GCC_WARN_ABOUT_RETURN_TYPE = YES;
				GCC_WARN_UNINITIALIZED_AUTOS = YES;
				GCC_WARN_UNUSED_VARIABLE = YES;
				IPHONEOS_DEPLOYMENT_TARGET = 5.0;
				PROVISIONING_PROFILE = "";
				"PROVISIONING_PROFILE[sdk=iphoneos*]" = "";
				SDKROOT = iphoneos;
			};
			name = Debug;
		};
		5373B12115FF8A4500D308A4 /* Release */ = {
			isa = XCBuildConfiguration;
			buildSettings = {
				ALWAYS_SEARCH_USER_PATHS = NO;
				ARCHS = "$(ARCHS_STANDARD_32_BIT)";
				CLANG_CXX_LANGUAGE_STANDARD = "c++0x";
				CLANG_CXX_LIBRARY = "libc++";
				CLANG_WARN_CONSTANT_CONVERSION = YES;
				CLANG_WARN_ENUM_CONVERSION = YES;
				CLANG_WARN_INT_CONVERSION = YES;
				CLANG_WARN__DUPLICATE_METHOD_MATCH = YES;
				CODE_SIGN_IDENTITY = "iPhone Developer";
				"CODE_SIGN_IDENTITY[sdk=iphoneos*]" = "iPhone Developer";
				COPY_PHASE_STRIP = YES;
				GCC_C_LANGUAGE_STANDARD = gnu99;
				GCC_OPTIMIZATION_LEVEL = 3;
				GCC_VERSION = com.apple.compilers.llvm.clang.1_0;
				GCC_WARN_ABOUT_MISSING_PROTOTYPES = YES;
				GCC_WARN_ABOUT_RETURN_TYPE = YES;
				GCC_WARN_UNINITIALIZED_AUTOS = YES;
				GCC_WARN_UNUSED_VARIABLE = YES;
				IPHONEOS_DEPLOYMENT_TARGET = 5.0;
				OTHER_CFLAGS = "-DNS_BLOCK_ASSERTIONS=1";
				PROVISIONING_PROFILE = "";
				"PROVISIONING_PROFILE[sdk=iphoneos*]" = "";
				SDKROOT = iphoneos;
				VALIDATE_PRODUCT = YES;
			};
			name = Release;
		};
		5373B12315FF8A4500D308A4 /* Debug */ = {
			isa = XCBuildConfiguration;
			buildSettings = {
				CLANG_CXX_LANGUAGE_STANDARD = "c++0x";
				CLANG_CXX_LIBRARY = "libc++";
				GCC_PRECOMPILE_PREFIX_HEADER = YES;
				GCC_PREFIX_HEADER = "REngine/incrediVid-Prefix.pch";
				INFOPLIST_FILE = "REngine/incrediVid-Info.plist";
				LIBRARY_SEARCH_PATHS = (
					"$(inherited)",
					"\"$(SRCROOT)/Flurry\"",
				);
				"OTHER_LDFLAGS[arch=*]" = "";
				PRODUCT_NAME = incrediVid;
				WRAPPER_EXTENSION = app;
			};
			name = Debug;
		};
		5373B12415FF8A4500D308A4 /* Release */ = {
			isa = XCBuildConfiguration;
			buildSettings = {
				CLANG_CXX_LANGUAGE_STANDARD = "c++0x";
				CLANG_CXX_LIBRARY = "libc++";
				GCC_OPTIMIZATION_LEVEL = 3;
				GCC_PRECOMPILE_PREFIX_HEADER = YES;
				GCC_PREFIX_HEADER = "REngine/incrediVid-Prefix.pch";
				INFOPLIST_FILE = "REngine/incrediVid-Info.plist";
				LIBRARY_SEARCH_PATHS = (
					"$(inherited)",
					"\"$(SRCROOT)/Flurry\"",
				);
				PRODUCT_NAME = incrediVid;
				WRAPPER_EXTENSION = app;
			};
			name = Release;
		};
		5373B12615FF8A4500D308A4 /* Debug */ = {
			isa = XCBuildConfiguration;
			buildSettings = {
				BUNDLE_LOADER = "$(BUILT_PRODUCTS_DIR)/REngine.app/REngine";
				FRAMEWORK_SEARCH_PATHS = (
					"$(SDKROOT)/Developer/Library/Frameworks",
					"$(DEVELOPER_LIBRARY_DIR)/Frameworks",
				);
				GCC_PRECOMPILE_PREFIX_HEADER = YES;
				GCC_PREFIX_HEADER = "REngine/REngine-Prefix.pch";
				INFOPLIST_FILE = "REngineTests/REngineTests-Info.plist";
				PRODUCT_NAME = incrediVidTests;
				TEST_HOST = "$(BUNDLE_LOADER)";
				WRAPPER_EXTENSION = octest;
			};
			name = Debug;
		};
		5373B12715FF8A4500D308A4 /* Release */ = {
			isa = XCBuildConfiguration;
			buildSettings = {
				BUNDLE_LOADER = "$(BUILT_PRODUCTS_DIR)/REngine.app/REngine";
				FRAMEWORK_SEARCH_PATHS = (
					"$(SDKROOT)/Developer/Library/Frameworks",
					"$(DEVELOPER_LIBRARY_DIR)/Frameworks",
				);
				GCC_PRECOMPILE_PREFIX_HEADER = YES;
				GCC_PREFIX_HEADER = "REngine/REngine-Prefix.pch";
				INFOPLIST_FILE = "REngineTests/REngineTests-Info.plist";
				PRODUCT_NAME = incrediVidTests;
				TEST_HOST = "$(BUNDLE_LOADER)";
				WRAPPER_EXTENSION = octest;
			};
			name = Release;
		};
/* End XCBuildConfiguration section */

/* Begin XCConfigurationList section */
		5373B0EF15FF8A4400D308A4 /* Build configuration list for PBXProject "incrediVid" */ = {
			isa = XCConfigurationList;
			buildConfigurations = (
				5373B12015FF8A4500D308A4 /* Debug */,
				5373B12115FF8A4500D308A4 /* Release */,
			);
			defaultConfigurationIsVisible = 0;
			defaultConfigurationName = Release;
		};
		5373B12215FF8A4500D308A4 /* Build configuration list for PBXNativeTarget "incrediVid" */ = {
			isa = XCConfigurationList;
			buildConfigurations = (
				5373B12315FF8A4500D308A4 /* Debug */,
				5373B12415FF8A4500D308A4 /* Release */,
			);
			defaultConfigurationIsVisible = 0;
			defaultConfigurationName = Release;
		};
		5373B12515FF8A4500D308A4 /* Build configuration list for PBXNativeTarget "incrediVidTests" */ = {
			isa = XCConfigurationList;
			buildConfigurations = (
				5373B12615FF8A4500D308A4 /* Debug */,
				5373B12715FF8A4500D308A4 /* Release */,
			);
			defaultConfigurationIsVisible = 0;
			defaultConfigurationName = Release;
		};
/* End XCConfigurationList section */
	};
	rootObject = 5373B0EC15FF8A4400D308A4 /* Project object */;
}
